// !$*UTF8*$!
{
	archiveVersion = 1;
	classes = {
	};
	objectVersion = 51;
	objects = {

/* Begin PBXBuildFile section */
		1C662B478BB3F84855B3C6DB /* Pods_DebtProject.framework in Frameworks */ = {isa = PBXBuildFile; fileRef = E77B3871D5171443ADBE0AFD /* Pods_DebtProject.framework */; };
		9F12BCCE2584B19700813616 /* TabBar.swift in Sources */ = {isa = PBXBuildFile; fileRef = 9F12BCCD2584B19700813616 /* TabBar.swift */; };
		9F12BCF32585DAD700813616 /* Color.xcassets in Resources */ = {isa = PBXBuildFile; fileRef = 9F12BCF22585DAD700813616 /* Color.xcassets */; };
		9F12BCF92585EBC900813616 /* ProductModel.swift in Sources */ = {isa = PBXBuildFile; fileRef = 9F12BCF82585EBC900813616 /* ProductModel.swift */; };
		9F12BD132586177500813616 /* SideMenuListModel.swift in Sources */ = {isa = PBXBuildFile; fileRef = 9F12BD122586177500813616 /* SideMenuListModel.swift */; };
		9F12BD5625885F2400813616 /* ProductModelCell.swift in Sources */ = {isa = PBXBuildFile; fileRef = 9F12BD5525885F2400813616 /* ProductModelCell.swift */; };
		9F12BD602588634100813616 /* TabBarCell.swift in Sources */ = {isa = PBXBuildFile; fileRef = 9F12BD5F2588634100813616 /* TabBarCell.swift */; };
		9F1637BF259AFFF2008E9996 /* CityList.swift in Sources */ = {isa = PBXBuildFile; fileRef = 9F1637BE259AFFF2008E9996 /* CityList.swift */; };
		9F215D662598D07C0010B000 /* ChangePasswordViewController.swift in Sources */ = {isa = PBXBuildFile; fileRef = 9F215D652598D07C0010B000 /* ChangePasswordViewController.swift */; };
		9F3C778F2577BF3B0063E641 /* AppDelegate.swift in Sources */ = {isa = PBXBuildFile; fileRef = 9F3C778E2577BF3B0063E641 /* AppDelegate.swift */; };
		9F3C77912577BF3B0063E641 /* SceneDelegate.swift in Sources */ = {isa = PBXBuildFile; fileRef = 9F3C77902577BF3B0063E641 /* SceneDelegate.swift */; };
		9F3C77932577BF3B0063E641 /* LoginViewController.swift in Sources */ = {isa = PBXBuildFile; fileRef = 9F3C77922577BF3B0063E641 /* LoginViewController.swift */; };
		9F3C77962577BF3B0063E641 /* Main.storyboard in Resources */ = {isa = PBXBuildFile; fileRef = 9F3C77942577BF3B0063E641 /* Main.storyboard */; };
		9F3C77982577BF3D0063E641 /* Assets.xcassets in Resources */ = {isa = PBXBuildFile; fileRef = 9F3C77972577BF3D0063E641 /* Assets.xcassets */; };
		9F3C779B2577BF3D0063E641 /* LaunchScreen.storyboard in Resources */ = {isa = PBXBuildFile; fileRef = 9F3C77992577BF3D0063E641 /* LaunchScreen.storyboard */; };
		9F3C77A62577BF3D0063E641 /* DebtProjectTests.swift in Sources */ = {isa = PBXBuildFile; fileRef = 9F3C77A52577BF3D0063E641 /* DebtProjectTests.swift */; };
		9F3C77B12577BF3D0063E641 /* DebtProjectUITests.swift in Sources */ = {isa = PBXBuildFile; fileRef = 9F3C77B02577BF3D0063E641 /* DebtProjectUITests.swift */; };
		9F3F2D5A258B103F00E156A8 /* CardView.swift in Sources */ = {isa = PBXBuildFile; fileRef = 9F3F2D59258B103F00E156A8 /* CardView.swift */; };
		9F3F2D75258B560900E156A8 /* PageTableViewCell.swift in Sources */ = {isa = PBXBuildFile; fileRef = 9F3F2D73258B560900E156A8 /* PageTableViewCell.swift */; };
		9F3F2D76258B560900E156A8 /* PageTableViewCell.xib in Resources */ = {isa = PBXBuildFile; fileRef = 9F3F2D74258B560900E156A8 /* PageTableViewCell.xib */; };
		9F3F2D7C258B563400E156A8 /* PageCollectionViewCell.swift in Sources */ = {isa = PBXBuildFile; fileRef = 9F3F2D7A258B563400E156A8 /* PageCollectionViewCell.swift */; };
		9F3F2D7D258B563400E156A8 /* PageCollectionViewCell.xib in Resources */ = {isa = PBXBuildFile; fileRef = 9F3F2D7B258B563400E156A8 /* PageCollectionViewCell.xib */; };
		9F6C4D7E2577F26C0091BEA5 /* ProductListController.swift in Sources */ = {isa = PBXBuildFile; fileRef = 9F6C4D7D2577F26C0091BEA5 /* ProductListController.swift */; };
		9F6C4D842577F6110091BEA5 /* Global.swift in Sources */ = {isa = PBXBuildFile; fileRef = 9F6C4D832577F6110091BEA5 /* Global.swift */; };
		9F6E6C542582831D0082A94E /* UnderLineTextField.swift in Sources */ = {isa = PBXBuildFile; fileRef = 9F6E6C532582831D0082A94E /* UnderLineTextField.swift */; };
		9F6E6C61258316820082A94E /* ForgotPasswordViewController.swift in Sources */ = {isa = PBXBuildFile; fileRef = 9F6E6C60258316820082A94E /* ForgotPasswordViewController.swift */; };
		9F8528092591915B004454E6 /* NotifyModelCell.swift in Sources */ = {isa = PBXBuildFile; fileRef = 9F8528082591915B004454E6 /* NotifyModelCell.swift */; };
		9F85280E25919173004454E6 /* NotifyModel.swift in Sources */ = {isa = PBXBuildFile; fileRef = 9F85280D25919173004454E6 /* NotifyModel.swift */; };
		9F852816259195F0004454E6 /* Box.swift in Sources */ = {isa = PBXBuildFile; fileRef = 9F852815259195F0004454E6 /* Box.swift */; };
		9F85281B25919687004454E6 /* NotifyViewController.swift in Sources */ = {isa = PBXBuildFile; fileRef = 9F85281A25919687004454E6 /* NotifyViewController.swift */; };
		9F85282025920AFF004454E6 /* BaseTableViewCell.swift in Sources */ = {isa = PBXBuildFile; fileRef = 9F85281F25920AFF004454E6 /* BaseTableViewCell.swift */; };
		9F85282625920B20004454E6 /* BaseCollectionViewCell.swift in Sources */ = {isa = PBXBuildFile; fileRef = 9F85282525920B20004454E6 /* BaseCollectionViewCell.swift */; };
		9F85282F25921D63004454E6 /* NetworkController.swift in Sources */ = {isa = PBXBuildFile; fileRef = 9F85282E25921D63004454E6 /* NetworkController.swift */; };
		9F85284325936D47004454E6 /* CartViewController.swift in Sources */ = {isa = PBXBuildFile; fileRef = 9F85284225936D47004454E6 /* CartViewController.swift */; };
		9F85284825936EB0004454E6 /* CartTableViewCell.swift in Sources */ = {isa = PBXBuildFile; fileRef = 9F85284725936EB0004454E6 /* CartTableViewCell.swift */; };
		9F85284D25937C46004454E6 /* CartCellMenuViewController.swift in Sources */ = {isa = PBXBuildFile; fileRef = 9F85284C25937C46004454E6 /* CartCellMenuViewController.swift */; };
		9F8528532597279F004454E6 /* User.swift in Sources */ = {isa = PBXBuildFile; fileRef = 9F8528522597279F004454E6 /* User.swift */; };
		9F877D53258E1EC80030A175 /* ProductInfoImageCollectionViewCell.swift in Sources */ = {isa = PBXBuildFile; fileRef = 9F877D52258E1EC80030A175 /* ProductInfoImageCollectionViewCell.swift */; };
		9F877D58258F059E0030A175 /* AddProductViewController.swift in Sources */ = {isa = PBXBuildFile; fileRef = 9F877D57258F059E0030A175 /* AddProductViewController.swift */; };
		9F972593257FA02B00EF310D /* DesignableView.swift in Sources */ = {isa = PBXBuildFile; fileRef = 9F972592257FA02B00EF310D /* DesignableView.swift */; };
		9FA7D6AF25809EA4003CE070 /* RegisterViewController.swift in Sources */ = {isa = PBXBuildFile; fileRef = 9FA7D6AE25809EA4003CE070 /* RegisterViewController.swift */; };
		9FAAA328259A10D400707976 /* WantChangeTableViewCell.swift in Sources */ = {isa = PBXBuildFile; fileRef = 9FAAA327259A10D400707976 /* WantChangeTableViewCell.swift */; };
		9FAAA330259A267C00707976 /* CustomFooter.swift in Sources */ = {isa = PBXBuildFile; fileRef = 9FAAA32F259A267C00707976 /* CustomFooter.swift */; };
		9FB025B52588AB3500D6715E /* ProductInfoViewController.swift in Sources */ = {isa = PBXBuildFile; fileRef = 9FB025B42588AB3500D6715E /* ProductInfoViewController.swift */; };
		9FB025C3258911A400D6715E /* BaseViewController.swift in Sources */ = {isa = PBXBuildFile; fileRef = 9FB025C2258911A400D6715E /* BaseViewController.swift */; };
		9FB025D42589F7F100D6715E /* MainProductModelCell.swift in Sources */ = {isa = PBXBuildFile; fileRef = 9FB025D32589F7F100D6715E /* MainProductModelCell.swift */; };
		9FB025D92589F84C00D6715E /* MainPageViewController.swift in Sources */ = {isa = PBXBuildFile; fileRef = 9FB025D82589F84C00D6715E /* MainPageViewController.swift */; };
		9FB025DE2589F93500D6715E /* BaseSideMenuViewController.swift in Sources */ = {isa = PBXBuildFile; fileRef = 9FB025DD2589F93500D6715E /* BaseSideMenuViewController.swift */; };
		9FB025E3258A0D3F00D6715E /* MainPageProductCell.swift in Sources */ = {isa = PBXBuildFile; fileRef = 9FB025E2258A0D3F00D6715E /* MainPageProductCell.swift */; };
		9FB025E8258A197000D6715E /* MainPageTableViewCell.swift in Sources */ = {isa = PBXBuildFile; fileRef = 9FB025E7258A197000D6715E /* MainPageTableViewCell.swift */; };
		9FB0FF87258F2F3400A02A44 /* AddProductImageCollectionViewCell.swift in Sources */ = {isa = PBXBuildFile; fileRef = 9FB0FF86258F2F3400A02A44 /* AddProductImageCollectionViewCell.swift */; };
		9FB0FFB1259077E400A02A44 /* Sample.storyboard in Resources */ = {isa = PBXBuildFile; fileRef = 9FB0FFAF259077E400A02A44 /* Sample.storyboard */; };
		9FB0FFB62590785700A02A44 /* Product.storyboard in Resources */ = {isa = PBXBuildFile; fileRef = 9FB0FFB52590785700A02A44 /* Product.storyboard */; };
		9FB0FFBE2590838E00A02A44 /* PickerViewController.swift in Sources */ = {isa = PBXBuildFile; fileRef = 9FB0FFBD2590838E00A02A44 /* PickerViewController.swift */; };
		9FE54ECA258CD2BA0016FDC6 /* .gitignore in Resources */ = {isa = PBXBuildFile; fileRef = 9FE54EC9258CD2BA0016FDC6 /* .gitignore */; };
		9FEF0413258364DD0041F557 /* SideMenuController.swift in Sources */ = {isa = PBXBuildFile; fileRef = 9FEF0412258364DD0041F557 /* SideMenuController.swift */; };
/* End PBXBuildFile section */

/* Begin PBXContainerItemProxy section */
		9F3C77A22577BF3D0063E641 /* PBXContainerItemProxy */ = {
			isa = PBXContainerItemProxy;
			containerPortal = 9F3C77832577BF3B0063E641 /* Project object */;
			proxyType = 1;
			remoteGlobalIDString = 9F3C778A2577BF3B0063E641;
			remoteInfo = DebtProject;
		};
		9F3C77AD2577BF3D0063E641 /* PBXContainerItemProxy */ = {
			isa = PBXContainerItemProxy;
			containerPortal = 9F3C77832577BF3B0063E641 /* Project object */;
			proxyType = 1;
			remoteGlobalIDString = 9F3C778A2577BF3B0063E641;
			remoteInfo = DebtProject;
		};
/* End PBXContainerItemProxy section */

/* Begin PBXFileReference section */
		3EB1F89717A73AB6BAD980CE /* Pods-DebtProject.release.xcconfig */ = {isa = PBXFileReference; includeInIndex = 1; lastKnownFileType = text.xcconfig; name = "Pods-DebtProject.release.xcconfig"; path = "Target Support Files/Pods-DebtProject/Pods-DebtProject.release.xcconfig"; sourceTree = "<group>"; };
		9F12BCCD2584B19700813616 /* TabBar.swift */ = {isa = PBXFileReference; lastKnownFileType = sourcecode.swift; path = TabBar.swift; sourceTree = "<group>"; };
		9F12BCF22585DAD700813616 /* Color.xcassets */ = {isa = PBXFileReference; lastKnownFileType = folder.assetcatalog; path = Color.xcassets; sourceTree = "<group>"; };
		9F12BCF82585EBC900813616 /* ProductModel.swift */ = {isa = PBXFileReference; lastKnownFileType = sourcecode.swift; path = ProductModel.swift; sourceTree = "<group>"; };
		9F12BD122586177500813616 /* SideMenuListModel.swift */ = {isa = PBXFileReference; lastKnownFileType = sourcecode.swift; path = SideMenuListModel.swift; sourceTree = "<group>"; };
		9F12BD5525885F2400813616 /* ProductModelCell.swift */ = {isa = PBXFileReference; lastKnownFileType = sourcecode.swift; path = ProductModelCell.swift; sourceTree = "<group>"; };
		9F12BD5F2588634100813616 /* TabBarCell.swift */ = {isa = PBXFileReference; lastKnownFileType = sourcecode.swift; path = TabBarCell.swift; sourceTree = "<group>"; };
		9F1637BE259AFFF2008E9996 /* CityList.swift */ = {isa = PBXFileReference; lastKnownFileType = sourcecode.swift; path = CityList.swift; sourceTree = "<group>"; };
		9F215D652598D07C0010B000 /* ChangePasswordViewController.swift */ = {isa = PBXFileReference; lastKnownFileType = sourcecode.swift; path = ChangePasswordViewController.swift; sourceTree = "<group>"; };
		9F3C778B2577BF3B0063E641 /* DebtProject.app */ = {isa = PBXFileReference; explicitFileType = wrapper.application; includeInIndex = 0; path = DebtProject.app; sourceTree = BUILT_PRODUCTS_DIR; };
		9F3C778E2577BF3B0063E641 /* AppDelegate.swift */ = {isa = PBXFileReference; lastKnownFileType = sourcecode.swift; path = AppDelegate.swift; sourceTree = "<group>"; };
		9F3C77902577BF3B0063E641 /* SceneDelegate.swift */ = {isa = PBXFileReference; lastKnownFileType = sourcecode.swift; path = SceneDelegate.swift; sourceTree = "<group>"; };
		9F3C77922577BF3B0063E641 /* LoginViewController.swift */ = {isa = PBXFileReference; lastKnownFileType = sourcecode.swift; path = LoginViewController.swift; sourceTree = "<group>"; };
		9F3C77952577BF3B0063E641 /* Base */ = {isa = PBXFileReference; lastKnownFileType = file.storyboard; name = Base; path = Base.lproj/Main.storyboard; sourceTree = "<group>"; };
		9F3C77972577BF3D0063E641 /* Assets.xcassets */ = {isa = PBXFileReference; lastKnownFileType = folder.assetcatalog; path = Assets.xcassets; sourceTree = "<group>"; };
		9F3C779A2577BF3D0063E641 /* Base */ = {isa = PBXFileReference; lastKnownFileType = file.storyboard; name = Base; path = Base.lproj/LaunchScreen.storyboard; sourceTree = "<group>"; };
		9F3C779C2577BF3D0063E641 /* Info.plist */ = {isa = PBXFileReference; lastKnownFileType = text.plist.xml; path = Info.plist; sourceTree = "<group>"; };
		9F3C77A12577BF3D0063E641 /* DebtProjectTests.xctest */ = {isa = PBXFileReference; explicitFileType = wrapper.cfbundle; includeInIndex = 0; path = DebtProjectTests.xctest; sourceTree = BUILT_PRODUCTS_DIR; };
		9F3C77A52577BF3D0063E641 /* DebtProjectTests.swift */ = {isa = PBXFileReference; lastKnownFileType = sourcecode.swift; path = DebtProjectTests.swift; sourceTree = "<group>"; };
		9F3C77A72577BF3D0063E641 /* Info.plist */ = {isa = PBXFileReference; lastKnownFileType = text.plist.xml; path = Info.plist; sourceTree = "<group>"; };
		9F3C77AC2577BF3D0063E641 /* DebtProjectUITests.xctest */ = {isa = PBXFileReference; explicitFileType = wrapper.cfbundle; includeInIndex = 0; path = DebtProjectUITests.xctest; sourceTree = BUILT_PRODUCTS_DIR; };
		9F3C77B02577BF3D0063E641 /* DebtProjectUITests.swift */ = {isa = PBXFileReference; lastKnownFileType = sourcecode.swift; path = DebtProjectUITests.swift; sourceTree = "<group>"; };
		9F3C77B22577BF3D0063E641 /* Info.plist */ = {isa = PBXFileReference; lastKnownFileType = text.plist.xml; path = Info.plist; sourceTree = "<group>"; };
		9F3F2D59258B103F00E156A8 /* CardView.swift */ = {isa = PBXFileReference; lastKnownFileType = sourcecode.swift; path = CardView.swift; sourceTree = "<group>"; };
		9F3F2D73258B560900E156A8 /* PageTableViewCell.swift */ = {isa = PBXFileReference; lastKnownFileType = sourcecode.swift; path = PageTableViewCell.swift; sourceTree = "<group>"; };
		9F3F2D74258B560900E156A8 /* PageTableViewCell.xib */ = {isa = PBXFileReference; lastKnownFileType = file.xib; path = PageTableViewCell.xib; sourceTree = "<group>"; };
		9F3F2D7A258B563400E156A8 /* PageCollectionViewCell.swift */ = {isa = PBXFileReference; lastKnownFileType = sourcecode.swift; path = PageCollectionViewCell.swift; sourceTree = "<group>"; };
		9F3F2D7B258B563400E156A8 /* PageCollectionViewCell.xib */ = {isa = PBXFileReference; lastKnownFileType = file.xib; path = PageCollectionViewCell.xib; sourceTree = "<group>"; };
		9F6C4D7D2577F26C0091BEA5 /* ProductListController.swift */ = {isa = PBXFileReference; lastKnownFileType = sourcecode.swift; path = ProductListController.swift; sourceTree = "<group>"; };
		9F6C4D832577F6110091BEA5 /* Global.swift */ = {isa = PBXFileReference; lastKnownFileType = sourcecode.swift; path = Global.swift; sourceTree = "<group>"; };
		9F6E6C532582831D0082A94E /* UnderLineTextField.swift */ = {isa = PBXFileReference; lastKnownFileType = sourcecode.swift; path = UnderLineTextField.swift; sourceTree = "<group>"; };
		9F6E6C60258316820082A94E /* ForgotPasswordViewController.swift */ = {isa = PBXFileReference; lastKnownFileType = sourcecode.swift; path = ForgotPasswordViewController.swift; sourceTree = "<group>"; };
		9F8528082591915B004454E6 /* NotifyModelCell.swift */ = {isa = PBXFileReference; lastKnownFileType = sourcecode.swift; path = NotifyModelCell.swift; sourceTree = "<group>"; };
		9F85280D25919173004454E6 /* NotifyModel.swift */ = {isa = PBXFileReference; lastKnownFileType = sourcecode.swift; path = NotifyModel.swift; sourceTree = "<group>"; };
		9F852815259195F0004454E6 /* Box.swift */ = {isa = PBXFileReference; lastKnownFileType = sourcecode.swift; path = Box.swift; sourceTree = "<group>"; };
		9F85281A25919687004454E6 /* NotifyViewController.swift */ = {isa = PBXFileReference; lastKnownFileType = sourcecode.swift; path = NotifyViewController.swift; sourceTree = "<group>"; };
		9F85281F25920AFF004454E6 /* BaseTableViewCell.swift */ = {isa = PBXFileReference; lastKnownFileType = sourcecode.swift; path = BaseTableViewCell.swift; sourceTree = "<group>"; };
		9F85282525920B20004454E6 /* BaseCollectionViewCell.swift */ = {isa = PBXFileReference; lastKnownFileType = sourcecode.swift; path = BaseCollectionViewCell.swift; sourceTree = "<group>"; };
		9F85282E25921D63004454E6 /* NetworkController.swift */ = {isa = PBXFileReference; lastKnownFileType = sourcecode.swift; path = NetworkController.swift; sourceTree = "<group>"; };
		9F85284225936D47004454E6 /* CartViewController.swift */ = {isa = PBXFileReference; lastKnownFileType = sourcecode.swift; path = CartViewController.swift; sourceTree = "<group>"; };
		9F85284725936EB0004454E6 /* CartTableViewCell.swift */ = {isa = PBXFileReference; lastKnownFileType = sourcecode.swift; path = CartTableViewCell.swift; sourceTree = "<group>"; };
		9F85284C25937C46004454E6 /* CartCellMenuViewController.swift */ = {isa = PBXFileReference; lastKnownFileType = sourcecode.swift; path = CartCellMenuViewController.swift; sourceTree = "<group>"; };
		9F8528522597279F004454E6 /* User.swift */ = {isa = PBXFileReference; lastKnownFileType = sourcecode.swift; path = User.swift; sourceTree = "<group>"; };
		9F877D52258E1EC80030A175 /* ProductInfoImageCollectionViewCell.swift */ = {isa = PBXFileReference; lastKnownFileType = sourcecode.swift; path = ProductInfoImageCollectionViewCell.swift; sourceTree = "<group>"; };
		9F877D57258F059E0030A175 /* AddProductViewController.swift */ = {isa = PBXFileReference; lastKnownFileType = sourcecode.swift; path = AddProductViewController.swift; sourceTree = "<group>"; };
		9F972592257FA02B00EF310D /* DesignableView.swift */ = {isa = PBXFileReference; lastKnownFileType = sourcecode.swift; path = DesignableView.swift; sourceTree = "<group>"; };
		9FA7D6AE25809EA4003CE070 /* RegisterViewController.swift */ = {isa = PBXFileReference; lastKnownFileType = sourcecode.swift; path = RegisterViewController.swift; sourceTree = "<group>"; };
		9FAAA327259A10D400707976 /* WantChangeTableViewCell.swift */ = {isa = PBXFileReference; lastKnownFileType = sourcecode.swift; path = WantChangeTableViewCell.swift; sourceTree = "<group>"; };
		9FAAA32F259A267C00707976 /* CustomFooter.swift */ = {isa = PBXFileReference; lastKnownFileType = sourcecode.swift; path = CustomFooter.swift; sourceTree = "<group>"; };
		9FB025B42588AB3500D6715E /* ProductInfoViewController.swift */ = {isa = PBXFileReference; lastKnownFileType = sourcecode.swift; path = ProductInfoViewController.swift; sourceTree = "<group>"; };
		9FB025C2258911A400D6715E /* BaseViewController.swift */ = {isa = PBXFileReference; lastKnownFileType = sourcecode.swift; path = BaseViewController.swift; sourceTree = "<group>"; };
		9FB025D32589F7F100D6715E /* MainProductModelCell.swift */ = {isa = PBXFileReference; lastKnownFileType = sourcecode.swift; path = MainProductModelCell.swift; sourceTree = "<group>"; };
		9FB025D82589F84C00D6715E /* MainPageViewController.swift */ = {isa = PBXFileReference; lastKnownFileType = sourcecode.swift; path = MainPageViewController.swift; sourceTree = "<group>"; };
		9FB025DD2589F93500D6715E /* BaseSideMenuViewController.swift */ = {isa = PBXFileReference; lastKnownFileType = sourcecode.swift; path = BaseSideMenuViewController.swift; sourceTree = "<group>"; };
		9FB025E2258A0D3F00D6715E /* MainPageProductCell.swift */ = {isa = PBXFileReference; lastKnownFileType = sourcecode.swift; path = MainPageProductCell.swift; sourceTree = "<group>"; };
		9FB025E7258A197000D6715E /* MainPageTableViewCell.swift */ = {isa = PBXFileReference; lastKnownFileType = sourcecode.swift; path = MainPageTableViewCell.swift; sourceTree = "<group>"; };
		9FB0FF86258F2F3400A02A44 /* AddProductImageCollectionViewCell.swift */ = {isa = PBXFileReference; lastKnownFileType = sourcecode.swift; path = AddProductImageCollectionViewCell.swift; sourceTree = "<group>"; };
		9FB0FFB0259077E400A02A44 /* Base */ = {isa = PBXFileReference; lastKnownFileType = file.storyboard; name = Base; path = Base.lproj/Sample.storyboard; sourceTree = "<group>"; };
		9FB0FFB52590785700A02A44 /* Product.storyboard */ = {isa = PBXFileReference; fileEncoding = 4; lastKnownFileType = file.storyboard; path = Product.storyboard; sourceTree = SOURCE_ROOT; };
		9FB0FFBD2590838E00A02A44 /* PickerViewController.swift */ = {isa = PBXFileReference; lastKnownFileType = sourcecode.swift; path = PickerViewController.swift; sourceTree = "<group>"; };
		9FE54EC9258CD2BA0016FDC6 /* .gitignore */ = {isa = PBXFileReference; lastKnownFileType = text; path = .gitignore; sourceTree = "<group>"; };
		9FEF0412258364DD0041F557 /* SideMenuController.swift */ = {isa = PBXFileReference; lastKnownFileType = sourcecode.swift; path = SideMenuController.swift; sourceTree = "<group>"; };
		E77B3871D5171443ADBE0AFD /* Pods_DebtProject.framework */ = {isa = PBXFileReference; explicitFileType = wrapper.framework; includeInIndex = 0; path = Pods_DebtProject.framework; sourceTree = BUILT_PRODUCTS_DIR; };
		EAE45685F888B02F9A704285 /* Pods-DebtProject.debug.xcconfig */ = {isa = PBXFileReference; includeInIndex = 1; lastKnownFileType = text.xcconfig; name = "Pods-DebtProject.debug.xcconfig"; path = "Target Support Files/Pods-DebtProject/Pods-DebtProject.debug.xcconfig"; sourceTree = "<group>"; };
/* End PBXFileReference section */

/* Begin PBXFrameworksBuildPhase section */
		9F3C77882577BF3B0063E641 /* Frameworks */ = {
			isa = PBXFrameworksBuildPhase;
			buildActionMask = 2147483647;
			files = (
				1C662B478BB3F84855B3C6DB /* Pods_DebtProject.framework in Frameworks */,
			);
			runOnlyForDeploymentPostprocessing = 0;
		};
		9F3C779E2577BF3D0063E641 /* Frameworks */ = {
			isa = PBXFrameworksBuildPhase;
			buildActionMask = 2147483647;
			files = (
			);
			runOnlyForDeploymentPostprocessing = 0;
		};
		9F3C77A92577BF3D0063E641 /* Frameworks */ = {
			isa = PBXFrameworksBuildPhase;
			buildActionMask = 2147483647;
			files = (
			);
			runOnlyForDeploymentPostprocessing = 0;
		};
/* End PBXFrameworksBuildPhase section */

/* Begin PBXGroup section */
		0F0C38856EEDC2810F33E2D0 /* Frameworks */ = {
			isa = PBXGroup;
			children = (
				E77B3871D5171443ADBE0AFD /* Pods_DebtProject.framework */,
			);
			name = Frameworks;
			sourceTree = "<group>";
		};
		31CC49BE3BF5FF2B3EF3AD11 /* Pods */ = {
			isa = PBXGroup;
			children = (
				EAE45685F888B02F9A704285 /* Pods-DebtProject.debug.xcconfig */,
				3EB1F89717A73AB6BAD980CE /* Pods-DebtProject.release.xcconfig */,
			);
			path = Pods;
			sourceTree = "<group>";
		};
		9F12BCDA25852ED200813616 /* Cell */ = {
			isa = PBXGroup;
			children = (
				9F85282425920B06004454E6 /* Base Cell */,
				9F12BD5525885F2400813616 /* ProductModelCell.swift */,
				9F12BD5F2588634100813616 /* TabBarCell.swift */,
				9FB025D32589F7F100D6715E /* MainProductModelCell.swift */,
				9FB025E2258A0D3F00D6715E /* MainPageProductCell.swift */,
				9FB025E7258A197000D6715E /* MainPageTableViewCell.swift */,
				9F3F2D73258B560900E156A8 /* PageTableViewCell.swift */,
				9F3F2D74258B560900E156A8 /* PageTableViewCell.xib */,
				9F3F2D7A258B563400E156A8 /* PageCollectionViewCell.swift */,
				9F3F2D7B258B563400E156A8 /* PageCollectionViewCell.xib */,
				9F877D52258E1EC80030A175 /* ProductInfoImageCollectionViewCell.swift */,
				9FB0FF86258F2F3400A02A44 /* AddProductImageCollectionViewCell.swift */,
				9F8528082591915B004454E6 /* NotifyModelCell.swift */,
				9F85284725936EB0004454E6 /* CartTableViewCell.swift */,
				9FAAA327259A10D400707976 /* WantChangeTableViewCell.swift */,
			);
			path = Cell;
			sourceTree = "<group>";
		};
		9F12BCF72585EBAF00813616 /* Model */ = {
			isa = PBXGroup;
			children = (
				9F12BCF82585EBC900813616 /* ProductModel.swift */,
				9F12BD122586177500813616 /* SideMenuListModel.swift */,
				9F85280D25919173004454E6 /* NotifyModel.swift */,
			);
			path = Model;
			sourceTree = "<group>";
		};
		9F12BD38258669A400813616 /* CustomView */ = {
			isa = PBXGroup;
			children = (
				9F972592257FA02B00EF310D /* DesignableView.swift */,
				9F6E6C532582831D0082A94E /* UnderLineTextField.swift */,
				9F12BCCD2584B19700813616 /* TabBar.swift */,
				9F3F2D59258B103F00E156A8 /* CardView.swift */,
				9FAAA32F259A267C00707976 /* CustomFooter.swift */,
			);
			path = CustomView;
			sourceTree = "<group>";
		};
		9F3C77822577BF3B0063E641 = {
			isa = PBXGroup;
			children = (
				9FE54EC9258CD2BA0016FDC6 /* .gitignore */,
				9F3C778D2577BF3B0063E641 /* DebtProject */,
				9F3C77A42577BF3D0063E641 /* DebtProjectTests */,
				9F3C77AF2577BF3D0063E641 /* DebtProjectUITests */,
				9F3C778C2577BF3B0063E641 /* Products */,
				31CC49BE3BF5FF2B3EF3AD11 /* Pods */,
				0F0C38856EEDC2810F33E2D0 /* Frameworks */,
			);
			sourceTree = "<group>";
		};
		9F3C778C2577BF3B0063E641 /* Products */ = {
			isa = PBXGroup;
			children = (
				9F3C778B2577BF3B0063E641 /* DebtProject.app */,
				9F3C77A12577BF3D0063E641 /* DebtProjectTests.xctest */,
				9F3C77AC2577BF3D0063E641 /* DebtProjectUITests.xctest */,
			);
			name = Products;
			sourceTree = "<group>";
		};
		9F3C778D2577BF3B0063E641 /* DebtProject */ = {
			isa = PBXGroup;
			children = (
				9F85285125972786004454E6 /* Singleton */,
				9F85282D25921D3E004454E6 /* Helper */,
				9F12BCF72585EBAF00813616 /* Model */,
				9F6E6C52258282DD0082A94E /* View */,
				9F6C4D822577F6020091BEA5 /* utils */,
				9F3C77D82577E2F90063E641 /* Controller */,
				9F3C778E2577BF3B0063E641 /* AppDelegate.swift */,
				9F3C77902577BF3B0063E641 /* SceneDelegate.swift */,
				9FC9F0DF25822C5D004D20F7 /* Storyboards */,
				9F3C77972577BF3D0063E641 /* Assets.xcassets */,
				9F3C779C2577BF3D0063E641 /* Info.plist */,
				9F12BCF22585DAD700813616 /* Color.xcassets */,
			);
			path = DebtProject;
			sourceTree = "<group>";
		};
		9F3C77A42577BF3D0063E641 /* DebtProjectTests */ = {
			isa = PBXGroup;
			children = (
				9F3C77A52577BF3D0063E641 /* DebtProjectTests.swift */,
				9F3C77A72577BF3D0063E641 /* Info.plist */,
			);
			path = DebtProjectTests;
			sourceTree = "<group>";
		};
		9F3C77AF2577BF3D0063E641 /* DebtProjectUITests */ = {
			isa = PBXGroup;
			children = (
				9F3C77B02577BF3D0063E641 /* DebtProjectUITests.swift */,
				9F3C77B22577BF3D0063E641 /* Info.plist */,
			);
			path = DebtProjectUITests;
			sourceTree = "<group>";
		};
		9F3C77D82577E2F90063E641 /* Controller */ = {
			isa = PBXGroup;
			children = (
				9F80A0ED258A74D000EDE3D2 /* BaseController */,
				9F3C77922577BF3B0063E641 /* LoginViewController.swift */,
				9F6C4D7D2577F26C0091BEA5 /* ProductListController.swift */,
				9FA7D6AE25809EA4003CE070 /* RegisterViewController.swift */,
				9F6E6C60258316820082A94E /* ForgotPasswordViewController.swift */,
				9FEF0412258364DD0041F557 /* SideMenuController.swift */,
				9FB025B42588AB3500D6715E /* ProductInfoViewController.swift */,
				9FB025D82589F84C00D6715E /* MainPageViewController.swift */,
				9F877D57258F059E0030A175 /* AddProductViewController.swift */,
				9FB0FFBD2590838E00A02A44 /* PickerViewController.swift */,
				9F85281A25919687004454E6 /* NotifyViewController.swift */,
				9F85284225936D47004454E6 /* CartViewController.swift */,
				9F85284C25937C46004454E6 /* CartCellMenuViewController.swift */,
				9F215D652598D07C0010B000 /* ChangePasswordViewController.swift */,
			);
			path = Controller;
			sourceTree = "<group>";
		};
		9F6C4D822577F6020091BEA5 /* utils */ = {
			isa = PBXGroup;
			children = (
				9F6C4D832577F6110091BEA5 /* Global.swift */,
				9F852815259195F0004454E6 /* Box.swift */,
				9F1637BE259AFFF2008E9996 /* CityList.swift */,
			);
			path = utils;
			sourceTree = "<group>";
		};
		9F6E6C52258282DD0082A94E /* View */ = {
			isa = PBXGroup;
			children = (
				9F12BD38258669A400813616 /* CustomView */,
				9F12BCDA25852ED200813616 /* Cell */,
			);
			path = View;
			sourceTree = "<group>";
		};
		9F80A0ED258A74D000EDE3D2 /* BaseController */ = {
			isa = PBXGroup;
			children = (
				9FB025C2258911A400D6715E /* BaseViewController.swift */,
				9FB025DD2589F93500D6715E /* BaseSideMenuViewController.swift */,
			);
			path = BaseController;
			sourceTree = "<group>";
		};
		9F85282425920B06004454E6 /* Base Cell */ = {
			isa = PBXGroup;
			children = (
				9F85281F25920AFF004454E6 /* BaseTableViewCell.swift */,
				9F85282525920B20004454E6 /* BaseCollectionViewCell.swift */,
			);
			path = "Base Cell";
			sourceTree = "<group>";
		};
		9F85282D25921D3E004454E6 /* Helper */ = {
			isa = PBXGroup;
			children = (
				9F85282E25921D63004454E6 /* NetworkController.swift */,
			);
			path = Helper;
			sourceTree = "<group>";
		};
		9F85285125972786004454E6 /* Singleton */ = {
			isa = PBXGroup;
			children = (
				9F8528522597279F004454E6 /* User.swift */,
			);
			path = Singleton;
			sourceTree = "<group>";
		};
		9FC9F0DF25822C5D004D20F7 /* Storyboards */ = {
			isa = PBXGroup;
			children = (
				9FB0FFB52590785700A02A44 /* Product.storyboard */,
				9F3C77992577BF3D0063E641 /* LaunchScreen.storyboard */,
				9F3C77942577BF3B0063E641 /* Main.storyboard */,
				9FB0FFAF259077E400A02A44 /* Sample.storyboard */,
			);
			path = Storyboards;
			sourceTree = "<group>";
		};
/* End PBXGroup section */

/* Begin PBXNativeTarget section */
		9F3C778A2577BF3B0063E641 /* DebtProject */ = {
			isa = PBXNativeTarget;
			buildConfigurationList = 9F3C77B52577BF3D0063E641 /* Build configuration list for PBXNativeTarget "DebtProject" */;
			buildPhases = (
				B3025834976FFD933741A469 /* [CP] Check Pods Manifest.lock */,
				9F3C77872577BF3B0063E641 /* Sources */,
				9F3C77882577BF3B0063E641 /* Frameworks */,
				9F3C77892577BF3B0063E641 /* Resources */,
				DD8C427659BC7A4FF3C36D5B /* [CP] Embed Pods Frameworks */,
			);
			buildRules = (
			);
			dependencies = (
			);
			name = DebtProject;
			productName = DebtProject;
			productReference = 9F3C778B2577BF3B0063E641 /* DebtProject.app */;
			productType = "com.apple.product-type.application";
		};
		9F3C77A02577BF3D0063E641 /* DebtProjectTests */ = {
			isa = PBXNativeTarget;
			buildConfigurationList = 9F3C77B82577BF3D0063E641 /* Build configuration list for PBXNativeTarget "DebtProjectTests" */;
			buildPhases = (
				9F3C779D2577BF3D0063E641 /* Sources */,
				9F3C779E2577BF3D0063E641 /* Frameworks */,
				9F3C779F2577BF3D0063E641 /* Resources */,
			);
			buildRules = (
			);
			dependencies = (
				9F3C77A32577BF3D0063E641 /* PBXTargetDependency */,
			);
			name = DebtProjectTests;
			productName = DebtProjectTests;
			productReference = 9F3C77A12577BF3D0063E641 /* DebtProjectTests.xctest */;
			productType = "com.apple.product-type.bundle.unit-test";
		};
		9F3C77AB2577BF3D0063E641 /* DebtProjectUITests */ = {
			isa = PBXNativeTarget;
			buildConfigurationList = 9F3C77BB2577BF3D0063E641 /* Build configuration list for PBXNativeTarget "DebtProjectUITests" */;
			buildPhases = (
				9F3C77A82577BF3D0063E641 /* Sources */,
				9F3C77A92577BF3D0063E641 /* Frameworks */,
				9F3C77AA2577BF3D0063E641 /* Resources */,
			);
			buildRules = (
			);
			dependencies = (
				9F3C77AE2577BF3D0063E641 /* PBXTargetDependency */,
			);
			name = DebtProjectUITests;
			productName = DebtProjectUITests;
			productReference = 9F3C77AC2577BF3D0063E641 /* DebtProjectUITests.xctest */;
			productType = "com.apple.product-type.bundle.ui-testing";
		};
/* End PBXNativeTarget section */

/* Begin PBXProject section */
		9F3C77832577BF3B0063E641 /* Project object */ = {
			isa = PBXProject;
			attributes = {
				LastSwiftUpdateCheck = 1220;
				LastUpgradeCheck = 1220;
				TargetAttributes = {
					9F3C778A2577BF3B0063E641 = {
						CreatedOnToolsVersion = 12.2;
					};
					9F3C77A02577BF3D0063E641 = {
						CreatedOnToolsVersion = 12.2;
						TestTargetID = 9F3C778A2577BF3B0063E641;
					};
					9F3C77AB2577BF3D0063E641 = {
						CreatedOnToolsVersion = 12.2;
						TestTargetID = 9F3C778A2577BF3B0063E641;
					};
				};
			};
			buildConfigurationList = 9F3C77862577BF3B0063E641 /* Build configuration list for PBXProject "DebtProject" */;
			compatibilityVersion = "Xcode 9.3";
			developmentRegion = en;
			hasScannedForEncodings = 0;
			knownRegions = (
				en,
				Base,
			);
			mainGroup = 9F3C77822577BF3B0063E641;
			productRefGroup = 9F3C778C2577BF3B0063E641 /* Products */;
			projectDirPath = "";
			projectRoot = "";
			targets = (
				9F3C778A2577BF3B0063E641 /* DebtProject */,
				9F3C77A02577BF3D0063E641 /* DebtProjectTests */,
				9F3C77AB2577BF3D0063E641 /* DebtProjectUITests */,
			);
		};
/* End PBXProject section */

/* Begin PBXResourcesBuildPhase section */
		9F3C77892577BF3B0063E641 /* Resources */ = {
			isa = PBXResourcesBuildPhase;
			buildActionMask = 2147483647;
			files = (
				9F3C779B2577BF3D0063E641 /* LaunchScreen.storyboard in Resources */,
				9FE54ECA258CD2BA0016FDC6 /* .gitignore in Resources */,
				9FB0FFB1259077E400A02A44 /* Sample.storyboard in Resources */,
				9F3C77982577BF3D0063E641 /* Assets.xcassets in Resources */,
				9F12BCF32585DAD700813616 /* Color.xcassets in Resources */,
				9F3F2D7D258B563400E156A8 /* PageCollectionViewCell.xib in Resources */,
				9FB0FFB62590785700A02A44 /* Product.storyboard in Resources */,
				9F3F2D76258B560900E156A8 /* PageTableViewCell.xib in Resources */,
				9F3C77962577BF3B0063E641 /* Main.storyboard in Resources */,
			);
			runOnlyForDeploymentPostprocessing = 0;
		};
		9F3C779F2577BF3D0063E641 /* Resources */ = {
			isa = PBXResourcesBuildPhase;
			buildActionMask = 2147483647;
			files = (
			);
			runOnlyForDeploymentPostprocessing = 0;
		};
		9F3C77AA2577BF3D0063E641 /* Resources */ = {
			isa = PBXResourcesBuildPhase;
			buildActionMask = 2147483647;
			files = (
			);
			runOnlyForDeploymentPostprocessing = 0;
		};
/* End PBXResourcesBuildPhase section */

/* Begin PBXShellScriptBuildPhase section */
		B3025834976FFD933741A469 /* [CP] Check Pods Manifest.lock */ = {
			isa = PBXShellScriptBuildPhase;
			buildActionMask = 2147483647;
			files = (
			);
			inputFileListPaths = (
			);
			inputPaths = (
				"${PODS_PODFILE_DIR_PATH}/Podfile.lock",
				"${PODS_ROOT}/Manifest.lock",
			);
			name = "[CP] Check Pods Manifest.lock";
			outputFileListPaths = (
			);
			outputPaths = (
				"$(DERIVED_FILE_DIR)/Pods-DebtProject-checkManifestLockResult.txt",
			);
			runOnlyForDeploymentPostprocessing = 0;
			shellPath = /bin/sh;
			shellScript = "diff \"${PODS_PODFILE_DIR_PATH}/Podfile.lock\" \"${PODS_ROOT}/Manifest.lock\" > /dev/null\nif [ $? != 0 ] ; then\n    # print error to STDERR\n    echo \"error: The sandbox is not in sync with the Podfile.lock. Run 'pod install' or update your CocoaPods installation.\" >&2\n    exit 1\nfi\n# This output is used by Xcode 'outputs' to avoid re-running this script phase.\necho \"SUCCESS\" > \"${SCRIPT_OUTPUT_FILE_0}\"\n";
			showEnvVarsInLog = 0;
		};
		DD8C427659BC7A4FF3C36D5B /* [CP] Embed Pods Frameworks */ = {
			isa = PBXShellScriptBuildPhase;
			buildActionMask = 2147483647;
			files = (
			);
			inputFileListPaths = (
				"${PODS_ROOT}/Target Support Files/Pods-DebtProject/Pods-DebtProject-frameworks-${CONFIGURATION}-input-files.xcfilelist",
			);
			name = "[CP] Embed Pods Frameworks";
			outputFileListPaths = (
				"${PODS_ROOT}/Target Support Files/Pods-DebtProject/Pods-DebtProject-frameworks-${CONFIGURATION}-output-files.xcfilelist",
			);
			runOnlyForDeploymentPostprocessing = 0;
			shellPath = /bin/sh;
			shellScript = "\"${PODS_ROOT}/Target Support Files/Pods-DebtProject/Pods-DebtProject-frameworks.sh\"\n";
			showEnvVarsInLog = 0;
		};
/* End PBXShellScriptBuildPhase section */

/* Begin PBXSourcesBuildPhase section */
		9F3C77872577BF3B0063E641 /* Sources */ = {
			isa = PBXSourcesBuildPhase;
			buildActionMask = 2147483647;
			files = (
				9FA7D6AF25809EA4003CE070 /* RegisterViewController.swift in Sources */,
				9FB025D92589F84C00D6715E /* MainPageViewController.swift in Sources */,
				9F12BD602588634100813616 /* TabBarCell.swift in Sources */,
				9F972593257FA02B00EF310D /* DesignableView.swift in Sources */,
				9FB025DE2589F93500D6715E /* BaseSideMenuViewController.swift in Sources */,
				9FAAA328259A10D400707976 /* WantChangeTableViewCell.swift in Sources */,
				9F85280E25919173004454E6 /* NotifyModel.swift in Sources */,
				9F85284D25937C46004454E6 /* CartCellMenuViewController.swift in Sources */,
				9F85284325936D47004454E6 /* CartViewController.swift in Sources */,
				9FEF0413258364DD0041F557 /* SideMenuController.swift in Sources */,
				9FAAA330259A267C00707976 /* CustomFooter.swift in Sources */,
				9FB025D42589F7F100D6715E /* MainProductModelCell.swift in Sources */,
				9FB025E3258A0D3F00D6715E /* MainPageProductCell.swift in Sources */,
				9FB025C3258911A400D6715E /* BaseViewController.swift in Sources */,
				9F6E6C61258316820082A94E /* ForgotPasswordViewController.swift in Sources */,
				9F12BD5625885F2400813616 /* ProductModelCell.swift in Sources */,
				9F85284825936EB0004454E6 /* CartTableViewCell.swift in Sources */,
				9F3F2D7C258B563400E156A8 /* PageCollectionViewCell.swift in Sources */,
				9FB0FF87258F2F3400A02A44 /* AddProductImageCollectionViewCell.swift in Sources */,
				9FB025E8258A197000D6715E /* MainPageTableViewCell.swift in Sources */,
				9F85281B25919687004454E6 /* NotifyViewController.swift in Sources */,
				9F877D53258E1EC80030A175 /* ProductInfoImageCollectionViewCell.swift in Sources */,
				9F85282025920AFF004454E6 /* BaseTableViewCell.swift in Sources */,
				9FB0FFBE2590838E00A02A44 /* PickerViewController.swift in Sources */,
				9F85282F25921D63004454E6 /* NetworkController.swift in Sources */,
				9F6E6C542582831D0082A94E /* UnderLineTextField.swift in Sources */,
				9F3F2D5A258B103F00E156A8 /* CardView.swift in Sources */,
				9F877D58258F059E0030A175 /* AddProductViewController.swift in Sources */,
				9F215D662598D07C0010B000 /* ChangePasswordViewController.swift in Sources */,
				9F3C77932577BF3B0063E641 /* LoginViewController.swift in Sources */,
				9F1637BF259AFFF2008E9996 /* CityList.swift in Sources */,
				9F12BCF92585EBC900813616 /* ProductModel.swift in Sources */,
				9F8528532597279F004454E6 /* User.swift in Sources */,
				9FB025B52588AB3500D6715E /* ProductInfoViewController.swift in Sources */,
				9F3F2D75258B560900E156A8 /* PageTableViewCell.swift in Sources */,
				9F6C4D842577F6110091BEA5 /* Global.swift in Sources */,
				9F3C778F2577BF3B0063E641 /* AppDelegate.swift in Sources */,
				9F85282625920B20004454E6 /* BaseCollectionViewCell.swift in Sources */,
				9F852816259195F0004454E6 /* Box.swift in Sources */,
				9F12BD132586177500813616 /* SideMenuListModel.swift in Sources */,
				9F12BCCE2584B19700813616 /* TabBar.swift in Sources */,
				9F3C77912577BF3B0063E641 /* SceneDelegate.swift in Sources */,
				9F8528092591915B004454E6 /* NotifyModelCell.swift in Sources */,
				9F6C4D7E2577F26C0091BEA5 /* ProductListController.swift in Sources */,
			);
			runOnlyForDeploymentPostprocessing = 0;
		};
		9F3C779D2577BF3D0063E641 /* Sources */ = {
			isa = PBXSourcesBuildPhase;
			buildActionMask = 2147483647;
			files = (
				9F3C77A62577BF3D0063E641 /* DebtProjectTests.swift in Sources */,
			);
			runOnlyForDeploymentPostprocessing = 0;
		};
		9F3C77A82577BF3D0063E641 /* Sources */ = {
			isa = PBXSourcesBuildPhase;
			buildActionMask = 2147483647;
			files = (
				9F3C77B12577BF3D0063E641 /* DebtProjectUITests.swift in Sources */,
			);
			runOnlyForDeploymentPostprocessing = 0;
		};
/* End PBXSourcesBuildPhase section */

/* Begin PBXTargetDependency section */
		9F3C77A32577BF3D0063E641 /* PBXTargetDependency */ = {
			isa = PBXTargetDependency;
			target = 9F3C778A2577BF3B0063E641 /* DebtProject */;
			targetProxy = 9F3C77A22577BF3D0063E641 /* PBXContainerItemProxy */;
		};
		9F3C77AE2577BF3D0063E641 /* PBXTargetDependency */ = {
			isa = PBXTargetDependency;
			target = 9F3C778A2577BF3B0063E641 /* DebtProject */;
			targetProxy = 9F3C77AD2577BF3D0063E641 /* PBXContainerItemProxy */;
		};
/* End PBXTargetDependency section */

/* Begin PBXVariantGroup section */
		9F3C77942577BF3B0063E641 /* Main.storyboard */ = {
			isa = PBXVariantGroup;
			children = (
				9F3C77952577BF3B0063E641 /* Base */,
			);
			name = Main.storyboard;
			sourceTree = "<group>";
		};
		9F3C77992577BF3D0063E641 /* LaunchScreen.storyboard */ = {
			isa = PBXVariantGroup;
			children = (
				9F3C779A2577BF3D0063E641 /* Base */,
			);
			name = LaunchScreen.storyboard;
			sourceTree = "<group>";
		};
		9FB0FFAF259077E400A02A44 /* Sample.storyboard */ = {
			isa = PBXVariantGroup;
			children = (
				9FB0FFB0259077E400A02A44 /* Base */,
			);
			name = Sample.storyboard;
			sourceTree = "<group>";
		};
/* End PBXVariantGroup section */

/* Begin XCBuildConfiguration section */
		9F3C77B32577BF3D0063E641 /* Debug */ = {
			isa = XCBuildConfiguration;
			buildSettings = {
				ALWAYS_SEARCH_USER_PATHS = NO;
				CLANG_ANALYZER_NONNULL = YES;
				CLANG_ANALYZER_NUMBER_OBJECT_CONVERSION = YES_AGGRESSIVE;
				CLANG_CXX_LANGUAGE_STANDARD = "gnu++14";
				CLANG_CXX_LIBRARY = "libc++";
				CLANG_ENABLE_MODULES = YES;
				CLANG_ENABLE_OBJC_ARC = YES;
				CLANG_ENABLE_OBJC_WEAK = YES;
				CLANG_WARN_BLOCK_CAPTURE_AUTORELEASING = YES;
				CLANG_WARN_BOOL_CONVERSION = YES;
				CLANG_WARN_COMMA = YES;
				CLANG_WARN_CONSTANT_CONVERSION = YES;
				CLANG_WARN_DEPRECATED_OBJC_IMPLEMENTATIONS = YES;
				CLANG_WARN_DIRECT_OBJC_ISA_USAGE = YES_ERROR;
				CLANG_WARN_DOCUMENTATION_COMMENTS = YES;
				CLANG_WARN_EMPTY_BODY = YES;
				CLANG_WARN_ENUM_CONVERSION = YES;
				CLANG_WARN_INFINITE_RECURSION = YES;
				CLANG_WARN_INT_CONVERSION = YES;
				CLANG_WARN_NON_LITERAL_NULL_CONVERSION = YES;
				CLANG_WARN_OBJC_IMPLICIT_RETAIN_SELF = YES;
				CLANG_WARN_OBJC_LITERAL_CONVERSION = YES;
				CLANG_WARN_OBJC_ROOT_CLASS = YES_ERROR;
				CLANG_WARN_QUOTED_INCLUDE_IN_FRAMEWORK_HEADER = YES;
				CLANG_WARN_RANGE_LOOP_ANALYSIS = YES;
				CLANG_WARN_STRICT_PROTOTYPES = YES;
				CLANG_WARN_SUSPICIOUS_MOVE = YES;
				CLANG_WARN_UNGUARDED_AVAILABILITY = YES_AGGRESSIVE;
				CLANG_WARN_UNREACHABLE_CODE = YES;
				CLANG_WARN__DUPLICATE_METHOD_MATCH = YES;
				COPY_PHASE_STRIP = NO;
				DEBUG_INFORMATION_FORMAT = dwarf;
				ENABLE_STRICT_OBJC_MSGSEND = YES;
				ENABLE_TESTABILITY = YES;
				GCC_C_LANGUAGE_STANDARD = gnu11;
				GCC_DYNAMIC_NO_PIC = NO;
				GCC_NO_COMMON_BLOCKS = YES;
				GCC_OPTIMIZATION_LEVEL = 0;
				GCC_PREPROCESSOR_DEFINITIONS = (
					"DEBUG=1",
					"$(inherited)",
				);
				GCC_WARN_64_TO_32_BIT_CONVERSION = YES;
				GCC_WARN_ABOUT_RETURN_TYPE = YES_ERROR;
				GCC_WARN_UNDECLARED_SELECTOR = YES;
				GCC_WARN_UNINITIALIZED_AUTOS = YES_AGGRESSIVE;
				GCC_WARN_UNUSED_FUNCTION = YES;
				GCC_WARN_UNUSED_VARIABLE = YES;
				IPHONEOS_DEPLOYMENT_TARGET = 14.2;
				MTL_ENABLE_DEBUG_INFO = INCLUDE_SOURCE;
				MTL_FAST_MATH = YES;
				ONLY_ACTIVE_ARCH = YES;
				SDKROOT = iphoneos;
				SWIFT_ACTIVE_COMPILATION_CONDITIONS = DEBUG;
				SWIFT_OPTIMIZATION_LEVEL = "-Onone";
			};
			name = Debug;
		};
		9F3C77B42577BF3D0063E641 /* Release */ = {
			isa = XCBuildConfiguration;
			buildSettings = {
				ALWAYS_SEARCH_USER_PATHS = NO;
				CLANG_ANALYZER_NONNULL = YES;
				CLANG_ANALYZER_NUMBER_OBJECT_CONVERSION = YES_AGGRESSIVE;
				CLANG_CXX_LANGUAGE_STANDARD = "gnu++14";
				CLANG_CXX_LIBRARY = "libc++";
				CLANG_ENABLE_MODULES = YES;
				CLANG_ENABLE_OBJC_ARC = YES;
				CLANG_ENABLE_OBJC_WEAK = YES;
				CLANG_WARN_BLOCK_CAPTURE_AUTORELEASING = YES;
				CLANG_WARN_BOOL_CONVERSION = YES;
				CLANG_WARN_COMMA = YES;
				CLANG_WARN_CONSTANT_CONVERSION = YES;
				CLANG_WARN_DEPRECATED_OBJC_IMPLEMENTATIONS = YES;
				CLANG_WARN_DIRECT_OBJC_ISA_USAGE = YES_ERROR;
				CLANG_WARN_DOCUMENTATION_COMMENTS = YES;
				CLANG_WARN_EMPTY_BODY = YES;
				CLANG_WARN_ENUM_CONVERSION = YES;
				CLANG_WARN_INFINITE_RECURSION = YES;
				CLANG_WARN_INT_CONVERSION = YES;
				CLANG_WARN_NON_LITERAL_NULL_CONVERSION = YES;
				CLANG_WARN_OBJC_IMPLICIT_RETAIN_SELF = YES;
				CLANG_WARN_OBJC_LITERAL_CONVERSION = YES;
				CLANG_WARN_OBJC_ROOT_CLASS = YES_ERROR;
				CLANG_WARN_QUOTED_INCLUDE_IN_FRAMEWORK_HEADER = YES;
				CLANG_WARN_RANGE_LOOP_ANALYSIS = YES;
				CLANG_WARN_STRICT_PROTOTYPES = YES;
				CLANG_WARN_SUSPICIOUS_MOVE = YES;
				CLANG_WARN_UNGUARDED_AVAILABILITY = YES_AGGRESSIVE;
				CLANG_WARN_UNREACHABLE_CODE = YES;
				CLANG_WARN__DUPLICATE_METHOD_MATCH = YES;
				COPY_PHASE_STRIP = NO;
				DEBUG_INFORMATION_FORMAT = "dwarf-with-dsym";
				ENABLE_NS_ASSERTIONS = NO;
				ENABLE_STRICT_OBJC_MSGSEND = YES;
				GCC_C_LANGUAGE_STANDARD = gnu11;
				GCC_NO_COMMON_BLOCKS = YES;
				GCC_WARN_64_TO_32_BIT_CONVERSION = YES;
				GCC_WARN_ABOUT_RETURN_TYPE = YES_ERROR;
				GCC_WARN_UNDECLARED_SELECTOR = YES;
				GCC_WARN_UNINITIALIZED_AUTOS = YES_AGGRESSIVE;
				GCC_WARN_UNUSED_FUNCTION = YES;
				GCC_WARN_UNUSED_VARIABLE = YES;
				IPHONEOS_DEPLOYMENT_TARGET = 14.2;
				MTL_ENABLE_DEBUG_INFO = NO;
				MTL_FAST_MATH = YES;
				SDKROOT = iphoneos;
				SWIFT_COMPILATION_MODE = wholemodule;
				SWIFT_OPTIMIZATION_LEVEL = "-O";
				VALIDATE_PRODUCT = YES;
			};
			name = Release;
		};
		9F3C77B62577BF3D0063E641 /* Debug */ = {
			isa = XCBuildConfiguration;
			baseConfigurationReference = EAE45685F888B02F9A704285 /* Pods-DebtProject.debug.xcconfig */;
			buildSettings = {
				ASSETCATALOG_COMPILER_APPICON_NAME = AppIcon;
				ASSETCATALOG_COMPILER_GLOBAL_ACCENT_COLOR_NAME = AccentColor;
				CODE_SIGN_STYLE = Automatic;
				INFOPLIST_FILE = DebtProject/Info.plist;
				IPHONEOS_DEPLOYMENT_TARGET = 13.0;
				LD_RUNPATH_SEARCH_PATHS = (
					"$(inherited)",
					"@executable_path/Frameworks",
				);
				PRODUCT_BUNDLE_IDENTIFIER = test.DebtProject;
				PRODUCT_NAME = "$(TARGET_NAME)";
				SWIFT_VERSION = 5.0;
				TARGETED_DEVICE_FAMILY = "1,2";
			};
			name = Debug;
		};
		9F3C77B72577BF3D0063E641 /* Release */ = {
			isa = XCBuildConfiguration;
			baseConfigurationReference = 3EB1F89717A73AB6BAD980CE /* Pods-DebtProject.release.xcconfig */;
			buildSettings = {
				ASSETCATALOG_COMPILER_APPICON_NAME = AppIcon;
				ASSETCATALOG_COMPILER_GLOBAL_ACCENT_COLOR_NAME = AccentColor;
				CODE_SIGN_STYLE = Automatic;
				INFOPLIST_FILE = DebtProject/Info.plist;
				IPHONEOS_DEPLOYMENT_TARGET = 13.0;
				LD_RUNPATH_SEARCH_PATHS = (
					"$(inherited)",
					"@executable_path/Frameworks",
				);
				PRODUCT_BUNDLE_IDENTIFIER = test.DebtProject;
				PRODUCT_NAME = "$(TARGET_NAME)";
				SWIFT_VERSION = 5.0;
				TARGETED_DEVICE_FAMILY = "1,2";
			};
			name = Release;
		};
		9F3C77B92577BF3D0063E641 /* Debug */ = {
			isa = XCBuildConfiguration;
			buildSettings = {
				ALWAYS_EMBED_SWIFT_STANDARD_LIBRARIES = YES;
				BUNDLE_LOADER = "$(TEST_HOST)";
				CODE_SIGN_STYLE = Automatic;
				INFOPLIST_FILE = DebtProjectTests/Info.plist;
				IPHONEOS_DEPLOYMENT_TARGET = 14.2;
				LD_RUNPATH_SEARCH_PATHS = (
					"$(inherited)",
					"@executable_path/Frameworks",
					"@loader_path/Frameworks",
				);
				PRODUCT_BUNDLE_IDENTIFIER = test.DebtProjectTests;
				PRODUCT_NAME = "$(TARGET_NAME)";
				SWIFT_VERSION = 5.0;
				TARGETED_DEVICE_FAMILY = "1,2";
				TEST_HOST = "$(BUILT_PRODUCTS_DIR)/DebtProject.app/DebtProject";
			};
			name = Debug;
		};
		9F3C77BA2577BF3D0063E641 /* Release */ = {
			isa = XCBuildConfiguration;
			buildSettings = {
				ALWAYS_EMBED_SWIFT_STANDARD_LIBRARIES = YES;
				BUNDLE_LOADER = "$(TEST_HOST)";
				CODE_SIGN_STYLE = Automatic;
				INFOPLIST_FILE = DebtProjectTests/Info.plist;
				IPHONEOS_DEPLOYMENT_TARGET = 14.2;
				LD_RUNPATH_SEARCH_PATHS = (
					"$(inherited)",
					"@executable_path/Frameworks",
					"@loader_path/Frameworks",
				);
				PRODUCT_BUNDLE_IDENTIFIER = test.DebtProjectTests;
				PRODUCT_NAME = "$(TARGET_NAME)";
				SWIFT_VERSION = 5.0;
				TARGETED_DEVICE_FAMILY = "1,2";
				TEST_HOST = "$(BUILT_PRODUCTS_DIR)/DebtProject.app/DebtProject";
			};
			name = Release;
		};
		9F3C77BC2577BF3D0063E641 /* Debug */ = {
			isa = XCBuildConfiguration;
			buildSettings = {
				ALWAYS_EMBED_SWIFT_STANDARD_LIBRARIES = YES;
				CODE_SIGN_STYLE = Automatic;
				INFOPLIST_FILE = DebtProjectUITests/Info.plist;
				LD_RUNPATH_SEARCH_PATHS = (
					"$(inherited)",
					"@executable_path/Frameworks",
					"@loader_path/Frameworks",
				);
				PRODUCT_BUNDLE_IDENTIFIER = test.DebtProjectUITests;
				PRODUCT_NAME = "$(TARGET_NAME)";
				SWIFT_VERSION = 5.0;
				TARGETED_DEVICE_FAMILY = "1,2";
				TEST_TARGET_NAME = DebtProject;
			};
			name = Debug;
		};
		9F3C77BD2577BF3D0063E641 /* Release */ = {
			isa = XCBuildConfiguration;
			buildSettings = {
				ALWAYS_EMBED_SWIFT_STANDARD_LIBRARIES = YES;
				CODE_SIGN_STYLE = Automatic;
				INFOPLIST_FILE = DebtProjectUITests/Info.plist;
				LD_RUNPATH_SEARCH_PATHS = (
					"$(inherited)",
					"@executable_path/Frameworks",
					"@loader_path/Frameworks",
				);
				PRODUCT_BUNDLE_IDENTIFIER = test.DebtProjectUITests;
				PRODUCT_NAME = "$(TARGET_NAME)";
				SWIFT_VERSION = 5.0;
				TARGETED_DEVICE_FAMILY = "1,2";
				TEST_TARGET_NAME = DebtProject;
			};
			name = Release;
		};
/* End XCBuildConfiguration section */

/* Begin XCConfigurationList section */
		9F3C77862577BF3B0063E641 /* Build configuration list for PBXProject "DebtProject" */ = {
			isa = XCConfigurationList;
			buildConfigurations = (
				9F3C77B32577BF3D0063E641 /* Debug */,
				9F3C77B42577BF3D0063E641 /* Release */,
			);
			defaultConfigurationIsVisible = 0;
			defaultConfigurationName = Release;
		};
		9F3C77B52577BF3D0063E641 /* Build configuration list for PBXNativeTarget "DebtProject" */ = {
			isa = XCConfigurationList;
			buildConfigurations = (
				9F3C77B62577BF3D0063E641 /* Debug */,
				9F3C77B72577BF3D0063E641 /* Release */,
			);
			defaultConfigurationIsVisible = 0;
			defaultConfigurationName = Release;
		};
		9F3C77B82577BF3D0063E641 /* Build configuration list for PBXNativeTarget "DebtProjectTests" */ = {
			isa = XCConfigurationList;
			buildConfigurations = (
				9F3C77B92577BF3D0063E641 /* Debug */,
				9F3C77BA2577BF3D0063E641 /* Release */,
			);
			defaultConfigurationIsVisible = 0;
			defaultConfigurationName = Release;
		};
		9F3C77BB2577BF3D0063E641 /* Build configuration list for PBXNativeTarget "DebtProjectUITests" */ = {
			isa = XCConfigurationList;
			buildConfigurations = (
				9F3C77BC2577BF3D0063E641 /* Debug */,
				9F3C77BD2577BF3D0063E641 /* Release */,
			);
			defaultConfigurationIsVisible = 0;
			defaultConfigurationName = Release;
		};
/* End XCConfigurationList section */
	};
	rootObject = 9F3C77832577BF3B0063E641 /* Project object */;
}
